// !$*UTF8*$!
{
	archiveVersion = 1;
	classes = {
	};
	objectVersion = 46;
	objects = {

/* Begin PBXBuildFile section */
		F3989AE91EE6883C00538E6C /* AppDelegate.swift in Sources */ = {isa = PBXBuildFile; fileRef = F3989AE81EE6883C00538E6C /* AppDelegate.swift */; };
		F3989AEB1EE6883C00538E6C /* ViewController.swift in Sources */ = {isa = PBXBuildFile; fileRef = F3989AEA1EE6883C00538E6C /* ViewController.swift */; };
		F3989AEE1EE6883C00538E6C /* Main.storyboard in Resources */ = {isa = PBXBuildFile; fileRef = F3989AEC1EE6883C00538E6C /* Main.storyboard */; };
		F3989AF01EE6883C00538E6C /* Assets.xcassets in Resources */ = {isa = PBXBuildFile; fileRef = F3989AEF1EE6883C00538E6C /* Assets.xcassets */; };
		F3989AF31EE6883C00538E6C /* LaunchScreen.storyboard in Resources */ = {isa = PBXBuildFile; fileRef = F3989AF11EE6883C00538E6C /* LaunchScreen.storyboard */; };
		F3989AFB1EE68A0100538E6C /* CustomCell.swift in Sources */ = {isa = PBXBuildFile; fileRef = F3989AFA1EE68A0100538E6C /* CustomCell.swift */; };
/* End PBXBuildFile section */

/* Begin PBXFileReference section */
		F3989AE51EE6883C00538E6C /* SwiftCollectionView1.app */ = {isa = PBXFileReference; explicitFileType = wrapper.application; includeInIndex = 0; path = SwiftCollectionView1.app; sourceTree = BUILT_PRODUCTS_DIR; };
		F3989AE81EE6883C00538E6C /* AppDelegate.swift */ = {isa = PBXFileReference; lastKnownFileType = sourcecode.swift; path = AppDelegate.swift; sourceTree = "<group>"; };
		F3989AEA1EE6883C00538E6C /* ViewController.swift */ = {isa = PBXFileReference; lastKnownFileType = sourcecode.swift; path = ViewController.swift; sourceTree = "<group>"; };
		F3989AED1EE6883C00538E6C /* Base */ = {isa = PBXFileReference; lastKnownFileType = file.storyboard; name = Base; path = Base.lproj/Main.storyboard; sourceTree = "<group>"; };
		F3989AEF1EE6883C00538E6C /* Assets.xcassets */ = {isa = PBXFileReference; lastKnownFileType = folder.assetcatalog; path = Assets.xcassets; sourceTree = "<group>"; };
		F3989AF21EE6883C00538E6C /* Base */ = {isa = PBXFileReference; lastKnownFileType = file.storyboard; name = Base; path = Base.lproj/LaunchScreen.storyboard; sourceTree = "<group>"; };
		F3989AF41EE6883C00538E6C /* Info.plist */ = {isa = PBXFileReference; lastKnownFileType = text.plist.xml; path = Info.plist; sourceTree = "<group>"; };
		F3989AFA1EE68A0100538E6C /* CustomCell.swift */ = {isa = PBXFileReference; fileEncoding = 4; lastKnownFileType = sourcecode.swift; path = CustomCell.swift; sourceTree = "<group>"; };
/* End PBXFileReference section */

/* Begin PBXFrameworksBuildPhase section */
		F3989AE21EE6883C00538E6C /* Frameworks */ = {
			isa = PBXFrameworksBuildPhase;
			buildActionMask = 2147483647;
			files = (
			);
			runOnlyForDeploymentPostprocessing = 0;
		};
/* End PBXFrameworksBuildPhase section */

/* Begin PBXGroup section */
		F3989ADC1EE6883C00538E6C = {
			isa = PBXGroup;
			children = (
				F3989AE71EE6883C00538E6C /* SwiftCollectionView1 */,
				F3989AE61EE6883C00538E6C /* Products */,
			);
			sourceTree = "<group>";
		};
		F3989AE61EE6883C00538E6C /* Products */ = {
			isa = PBXGroup;
			children = (
				F3989AE51EE6883C00538E6C /* SwiftCollectionView1.app */,
			);
			name = Products;
			sourceTree = "<group>";
		};
		F3989AE71EE6883C00538E6C /* SwiftCollectionView1 */ = {
			isa = PBXGroup;
			children = (
				F3989AE81EE6883C00538E6C /* AppDelegate.swift */,
				F3989AEA1EE6883C00538E6C /* ViewController.swift */,
				F3989AEC1EE6883C00538E6C /* Main.storyboard */,
				F3989AFA1EE68A0100538E6C /* CustomCell.swift */,
				F3989AEF1EE6883C00538E6C /* Assets.xcassets */,
				F3989AF11EE6883C00538E6C /* LaunchScreen.storyboard */,
				F3989AF41EE6883C00538E6C /* Info.plist */,
			);
			path = SwiftCollectionView1;
			sourceTree = "<group>";
		};
/* End PBXGroup section */

/* Begin PBXNativeTarget section */
		F3989AE41EE6883C00538E6C /* SwiftCollectionView1 */ = {
			isa = PBXNativeTarget;
			buildConfigurationList = F3989AF71EE6883C00538E6C /* Build configuration list for PBXNativeTarget "SwiftCollectionView1" */;
			buildPhases = (
				F3989AE11EE6883C00538E6C /* Sources */,
				F3989AE21EE6883C00538E6C /* Frameworks */,
				F3989AE31EE6883C00538E6C /* Resources */,
			);
			buildRules = (
			);
			dependencies = (
			);
			name = SwiftCollectionView1;
			productName = SwiftCollectionView1;
			productReference = F3989AE51EE6883C00538E6C /* SwiftCollectionView1.app */;
			productType = "com.apple.product-type.application";
		};
/* End PBXNativeTarget section */

/* Begin PBXProject section */
		F3989ADD1EE6883C00538E6C /* Project object */ = {
			isa = PBXProject;
			attributes = {
				LastSwiftUpdateCheck = 0830;
				LastUpgradeCheck = 0830;
				ORGANIZATIONNAME = Takanori.H;
				TargetAttributes = {
					F3989AE41EE6883C00538E6C = {
						CreatedOnToolsVersion = 8.3.2;
						DevelopmentTeam = BN463B3322;
						ProvisioningStyle = Automatic;
					};
				};
			};
			buildConfigurationList = F3989AE01EE6883C00538E6C /* Build configuration list for PBXProject "SwiftCollectionView1" */;
			compatibilityVersion = "Xcode 3.2";
			developmentRegion = English;
			hasScannedForEncodings = 0;
			knownRegions = (
				en,
				Base,
			);
			mainGroup = F3989ADC1EE6883C00538E6C;
			productRefGroup = F3989AE61EE6883C00538E6C /* Products */;
			projectDirPath = "";
			projectRoot = "";
			targets = (
				F3989AE41EE6883C00538E6C /* SwiftCollectionView1 */,
			);
		};
/* End PBXProject section */

/* Begin PBXResourcesBuildPhase section */
		F3989AE31EE6883C00538E6C /* Resources */ = {
			isa = PBXResourcesBuildPhase;
			buildActionMask = 2147483647;
			files = (
				F3989AF31EE6883C00538E6C /* LaunchScreen.storyboard in Resources */,
				F3989AF01EE6883C00538E6C /* Assets.xcassets in Resources */,
				F3989AEE1EE6883C00538E6C /* Main.storyboard in Resources */,
			);
			runOnlyForDeploymentPostprocessing = 0;
		};
/* End PBXResourcesBuildPhase section */

/* Begin PBXSourcesBuildPhase section */
		F3989AE11EE6883C00538E6C /* Sources */ = {
			isa = PBXSourcesBuildPhase;
			buildActionMask = 2147483647;
			files = (
				F3989AEB1EE6883C00538E6C /* ViewController.swift in Sources */,
				F3989AFB1EE68A0100538E6C /* CustomCell.swift in Sources */,
				F3989AE91EE6883C00538E6C /* AppDelegate.swift in Sources */,
			);
			runOnlyForDeploymentPostprocessing = 0;
		};
/* End PBXSourcesBuildPhase section */

/* Begin PBXVariantGroup section */
		F3989AEC1EE6883C00538E6C /* Main.storyboard */ = {
			isa = PBXVariantGroup;
			children = (
				F3989AED1EE6883C00538E6C /* Base */,
			);
			name = Main.storyboard;
			sourceTree = "<group>";
		};
		F3989AF11EE6883C00538E6C /* LaunchScreen.storyboard */ = {
			isa = PBXVariantGroup;
			children = (
				F3989AF21EE6883C00538E6C /* Base */,
			);
			name = LaunchScreen.storyboard;
			sourceTree = "<group>";
		};
/* End PBXVariantGroup section */

/* Begin XCBuildConfiguration section */
		F3989AF51EE6883C00538E6C /* Debug */ = {
			isa = XCBuildConfiguration;
			buildSettings = {
				ALWAYS_SEARCH_USER_PATHS = NO;
				CLANG_ANALYZER_NONNULL = YES;
				CLANG_ANALYZER_NUMBER_OBJECT_CONVERSION = YES_AGGRESSIVE;
				CLANG_CXX_LANGUAGE_STANDARD = "gnu++0x";
				CLANG_CXX_LIBRARY = "libc++";
				CLANG_ENABLE_MODULES = YES;
				CLANG_ENABLE_OBJC_ARC = YES;
				CLANG_WARN_BOOL_CONVERSION = YES;
				CLANG_WARN_CONSTANT_CONVERSION = YES;
				CLANG_WARN_DIRECT_OBJC_ISA_USAGE = YES_ERROR;
				CLANG_WARN_DOCUMENTATION_COMMENTS = YES;
				CLANG_WARN_EMPTY_BODY = YES;
				CLANG_WARN_ENUM_CONVERSION = YES;
				CLANG_WARN_INFINITE_RECURSION = YES;
				CLANG_WARN_INT_CONVERSION = YES;
				CLANG_WARN_OBJC_ROOT_CLASS = YES_ERROR;
				CLANG_WARN_SUSPICIOUS_MOVE = YES;
				CLANG_WARN_UNREACHABLE_CODE = YES;
				CLANG_WARN__DUPLICATE_METHOD_MATCH = YES;
				"CODE_SIGN_IDENTITY[sdk=iphoneos*]" = "iPhone Developer";
				COPY_PHASE_STRIP = NO;
				DEBUG_INFORMATION_FORMAT = dwarf;
				ENABLE_STRICT_OBJC_MSGSEND = YES;
				ENABLE_TESTABILITY = YES;
				GCC_C_LANGUAGE_STANDARD = gnu99;
				GCC_DYNAMIC_NO_PIC = NO;
				GCC_NO_COMMON_BLOCKS = YES;
				GCC_OPTIMIZATION_LEVEL = 0;
				GCC_PREPROCESSOR_DEFINITIONS = (
					"DEBUG=1",
					"$(inherited)",
				);
				GCC_WARN_64_TO_32_BIT_CONVERSION = YES;
				GCC_WARN_ABOUT_RETURN_TYPE = YES_ERROR;
				GCC_WARN_UNDECLARED_SELECTOR = YES;
				GCC_WARN_UNINITIALIZED_AUTOS = YES_AGGRESSIVE;
				GCC_WARN_UNUSED_FUNCTION = YES;
				GCC_WARN_UNUSED_VARIABLE = YES;
				IPHONEOS_DEPLOYMENT_TARGET = 10.3;
				MTL_ENABLE_DEBUG_INFO = YES;
				ONLY_ACTIVE_ARCH = YES;
				SDKROOT = iphoneos;
				SWIFT_ACTIVE_COMPILATION_CONDITIONS = DEBUG;
				SWIFT_OPTIMIZATION_LEVEL = "-Onone";
			};
			name = Debug;
		};
		F3989AF61EE6883C00538E6C /* Release */ = {
			isa = XCBuildConfiguration;
			buildSettings = {
				ALWAYS_SEARCH_USER_PATHS = NO;
				CLANG_ANALYZER_NONNULL = YES;
				CLANG_ANALYZER_NUMBER_OBJECT_CONVERSION = YES_AGGRESSIVE;
				CLANG_CXX_LANGUAGE_STANDARD = "gnu++0x";
				CLANG_CXX_LIBRARY = "libc++";
				CLANG_ENABLE_MODULES = YES;
				CLANG_ENABLE_OBJC_ARC = YES;
				CLANG_WARN_BOOL_CONVERSION = YES;
				CLANG_WARN_CONSTANT_CONVERSION = YES;
				CLANG_WARN_DIRECT_OBJC_ISA_USAGE = YES_ERROR;
				CLANG_WARN_DOCUMENTATION_COMMENTS = YES;
				CLANG_WARN_EMPTY_BODY = YES;
				CLANG_WARN_ENUM_CONVERSION = YES;
				CLANG_WARN_INFINITE_RECURSION = YES;
				CLANG_WARN_INT_CONVERSION = YES;
				CLANG_WARN_OBJC_ROOT_CLASS = YES_ERROR;
				CLANG_WARN_SUSPICIOUS_MOVE = YES;
				CLANG_WARN_UNREACHABLE_CODE = YES;
				CLANG_WARN__DUPLICATE_METHOD_MATCH = YES;
				"CODE_SIGN_IDENTITY[sdk=iphoneos*]" = "iPhone Developer";
				COPY_PHASE_STRIP = NO;
				DEBUG_INFORMATION_FORMAT = "dwarf-with-dsym";
				ENABLE_NS_ASSERTIONS = NO;
				ENABLE_STRICT_OBJC_MSGSEND = YES;
				GCC_C_LANGUAGE_STANDARD = gnu99;
				GCC_NO_COMMON_BLOCKS = YES;
				GCC_WARN_64_TO_32_BIT_CONVERSION = YES;
				GCC_WARN_ABOUT_RETURN_TYPE = YES_ERROR;
				GCC_WARN_UNDECLARED_SELECTOR = YES;
				GCC_WARN_UNINITIALIZED_AUTOS = YES_AGGRESSIVE;
				GCC_WARN_UNUSED_FUNCTION = YES;
				GCC_WARN_UNUSED_VARIABLE = YES;
				IPHONEOS_DEPLOYMENT_TARGET = 10.3;
				MTL_ENABLE_DEBUG_INFO = NO;
				SDKROOT = iphoneos;
				SWIFT_OPTIMIZATION_LEVEL = "-Owholemodule";
				VALIDATE_PRODUCT = YES;
			};
			name = Release;
		};
		F3989AF81EE6883C00538E6C /* Debug */ = {
			isa = XCBuildConfiguration;
			buildSettings = {
				ASSETCATALOG_COMPILER_APPICON_NAME = AppIcon;
				DEVELOPMENT_TEAM = BN463B3322;
				INFOPLIST_FILE = SwiftCollectionView1/Info.plist;
				LD_RUNPATH_SEARCH_PATHS = "$(inherited) @executable_path/Frameworks";
				PRODUCT_BUNDLE_IDENTIFIER = com.example.hasebe.SwiftCollectionView1;
				PRODUCT_NAME = "$(TARGET_NAME)";
				SWIFT_VERSION = 3.0;
			};
			name = Debug;
		};
		F3989AF91EE6883C00538E6C /* Release */ = {
			isa = XCBuildConfiguration;
			buildSettings = {
				ASSETCATALOG_COMPILER_APPICON_NAME = AppIcon;
				DEVELOPMENT_TEAM = BN463B3322;
				INFOPLIST_FILE = SwiftCollectionView1/Info.plist;
				LD_RUNPATH_SEARCH_PATHS = "$(inherited) @executable_path/Frameworks";
				PRODUCT_BUNDLE_IDENTIFIER = com.example.hasebe.SwiftCollectionView1;
				PRODUCT_NAME = "$(TARGET_NAME)";
				SWIFT_VERSION = 3.0;
			};
			name = Release;
		};
/* End XCBuildConfiguration section */

/* Begin XCConfigurationList section */
		F3989AE01EE6883C00538E6C /* Build configuration list for PBXProject "SwiftCollectionView1" */ = {
			isa = XCConfigurationList;
			buildConfigurations = (
				F3989AF51EE6883C00538E6C /* Debug */,
				F3989AF61EE6883C00538E6C /* Release */,
			);
			defaultConfigurationIsVisible = 0;
			defaultConfigurationName = Release;
		};
		F3989AF71EE6883C00538E6C /* Build configuration list for PBXNativeTarget "SwiftCollectionView1" */ = {
			isa = XCConfigurationList;
			buildConfigurations = (
				F3989AF81EE6883C00538E6C /* Debug */,
				F3989AF91EE6883C00538E6C /* Release */,
			);
			defaultConfigurationIsVisible = 0;
		};
/* End XCConfigurationList section */
	};
	rootObject = F3989ADD1EE6883C00538E6C /* Project object */;
}
